
Microsoft Visual Studio Solution File, Format Version 12.00
# Visual Studio Version 17
VisualStudioVersion = 17.1.32228.430
MinimumVisualStudioVersion = 10.0.40219.1
Project("{9A19103F-16F7-4668-BE54-9A1E7A4F7556}") = "EjemploHilos01", "EjemploHilos01\EjemploHilos01.csproj", "{93A68EF4-82A0-40C5-8EA8-A3F3EDAD3F30}"
EndProject
Project("{9A19103F-16F7-4668-BE54-9A1E7A4F7556}") = "EjemploHilos02", "EjemploHilos02\EjemploHilos02.csproj", "{E5431400-8A07-4F42-A99E-C2DEF78A04B8}"
EndProject
Project("{9A19103F-16F7-4668-BE54-9A1E7A4F7556}") = "EjemploHilos03", "EjemploHilos03\EjemploHilos03.csproj", "{DEDD401C-277D-4A26-BD8C-59F45888414F}"
EndProject
Project("{9A19103F-16F7-4668-BE54-9A1E7A4F7556}") = "EjemploHilos04", "EjemploHilos04\EjemploHilos04.csproj", "{6D642D52-C6BC-4066-96BB-B34BDD4D983E}"
EndProject
Project("{9A19103F-16F7-4668-BE54-9A1E7A4F7556}") = "EjemploHilos05", "EjemploHilos05\EjemploHilos05.csproj", "{4E09BED2-AFAF-4082-A6E3-2B6E3771B8E0}"
EndProject
Project("{9A19103F-16F7-4668-BE54-9A1E7A4F7556}") = "EjemploHilos06", "EjemploHilos06\EjemploHilos06.csproj", "{4C088CD2-5628-40B6-B864-2E4D61AB90D9}"
EndProject
Project("{9A19103F-16F7-4668-BE54-9A1E7A4F7556}") = "EjemploHilos07", "EjemploHilos07\EjemploHilos07.csproj", "{4B00D217-A66D-4B23-9F70-B57E6461BC88}"
EndProject
Project("{9A19103F-16F7-4668-BE54-9A1E7A4F7556}") = "EjemploHilos08", "EjemploHilos08\EjemploHilos08.csproj", "{2FAA5A87-8818-45BC-8C26-D282675497E4}"
EndProject
Project("{9A19103F-16F7-4668-BE54-9A1E7A4F7556}") = "winHilos", "winHilos\winHilos.csproj", "{F8FC944D-985A-4D21-990A-31D736811E4F}"
EndProject
Project("{9A19103F-16F7-4668-BE54-9A1E7A4F7556}") = "winHilos02", "winHilos02\winHilos02.csproj", "{751E775F-5393-42A6-B8C6-F92B6AFDD64A}"
EndProject
Project("{9A19103F-16F7-4668-BE54-9A1E7A4F7556}") = "EjemploTasks01", "EjemploTasks01\EjemploTasks01.csproj", "{27A23ED2-0F0E-4CE4-A382-6A0D86A77A54}"
EndProject
Project("{9A19103F-16F7-4668-BE54-9A1E7A4F7556}") = "EjemploTasks02", "EjemploTasks02\EjemploTasks02.csproj", "{02A044A0-630F-4FAC-ABB3-FD8526070727}"
EndProject
Project("{9A19103F-16F7-4668-BE54-9A1E7A4F7556}") = "EjemploTasks03", "EjemploTasks03\EjemploTasks03.csproj", "{990B16EE-1120-41E5-8D5C-D7C23A7D3403}"
EndProject
Project("{9A19103F-16F7-4668-BE54-9A1E7A4F7556}") = "EjemploTasks04", "EjemploTasks04\EjemploTasks04.csproj", "{3B174101-06DB-4E83-ACD8-A079E1FD99F0}"
EndProject
Project("{9A19103F-16F7-4668-BE54-9A1E7A4F7556}") = "winTasks", "winTasks\winTasks.csproj", "{50486732-37AE-4D68-82BA-2616723957D8}"
EndProject
Project("{FAE04EC0-301F-11D3-BF4B-00C04F79EFBC}") = "EjemploAsyncAwait", "EjemploAsyncAwait\EjemploAsyncAwait.csproj", "{B361523B-FA14-42FB-B79D-B050F4FA336D}"
EndProject
Project("{FAE04EC0-301F-11D3-BF4B-00C04F79EFBC}") = "EjemploAsyncAwait01", "EjemploAsyncAwait01\EjemploAsyncAwait01.csproj", "{4A177FFE-5031-403B-B9F2-ED1BFE12EFDB}"
EndProject
Global
	GlobalSection(SolutionConfigurationPlatforms) = preSolution
		Debug|Any CPU = Debug|Any CPU
		Release|Any CPU = Release|Any CPU
	EndGlobalSection
	GlobalSection(ProjectConfigurationPlatforms) = postSolution
		{93A68EF4-82A0-40C5-8EA8-A3F3EDAD3F30}.Debug|Any CPU.ActiveCfg = Debug|Any CPU
		{93A68EF4-82A0-40C5-8EA8-A3F3EDAD3F30}.Debug|Any CPU.Build.0 = Debug|Any CPU
		{93A68EF4-82A0-40C5-8EA8-A3F3EDAD3F30}.Release|Any CPU.ActiveCfg = Release|Any CPU
		{93A68EF4-82A0-40C5-8EA8-A3F3EDAD3F30}.Release|Any CPU.Build.0 = Release|Any CPU
		{E5431400-8A07-4F42-A99E-C2DEF78A04B8}.Debug|Any CPU.ActiveCfg = Debug|Any CPU
		{E5431400-8A07-4F42-A99E-C2DEF78A04B8}.Debug|Any CPU.Build.0 = Debug|Any CPU
		{E5431400-8A07-4F42-A99E-C2DEF78A04B8}.Release|Any CPU.ActiveCfg = Release|Any CPU
		{E5431400-8A07-4F42-A99E-C2DEF78A04B8}.Release|Any CPU.Build.0 = Release|Any CPU
		{DEDD401C-277D-4A26-BD8C-59F45888414F}.Debug|Any CPU.ActiveCfg = Debug|Any CPU
		{DEDD401C-277D-4A26-BD8C-59F45888414F}.Debug|Any CPU.Build.0 = Debug|Any CPU
		{DEDD401C-277D-4A26-BD8C-59F45888414F}.Release|Any CPU.ActiveCfg = Release|Any CPU
		{DEDD401C-277D-4A26-BD8C-59F45888414F}.Release|Any CPU.Build.0 = Release|Any CPU
		{6D642D52-C6BC-4066-96BB-B34BDD4D983E}.Debug|Any CPU.ActiveCfg = Debug|Any CPU
		{6D642D52-C6BC-4066-96BB-B34BDD4D983E}.Debug|Any CPU.Build.0 = Debug|Any CPU
		{6D642D52-C6BC-4066-96BB-B34BDD4D983E}.Release|Any CPU.ActiveCfg = Release|Any CPU
		{6D642D52-C6BC-4066-96BB-B34BDD4D983E}.Release|Any CPU.Build.0 = Release|Any CPU
		{4E09BED2-AFAF-4082-A6E3-2B6E3771B8E0}.Debug|Any CPU.ActiveCfg = Debug|Any CPU
		{4E09BED2-AFAF-4082-A6E3-2B6E3771B8E0}.Debug|Any CPU.Build.0 = Debug|Any CPU
		{4E09BED2-AFAF-4082-A6E3-2B6E3771B8E0}.Release|Any CPU.ActiveCfg = Release|Any CPU
		{4E09BED2-AFAF-4082-A6E3-2B6E3771B8E0}.Release|Any CPU.Build.0 = Release|Any CPU
		{4C088CD2-5628-40B6-B864-2E4D61AB90D9}.Debug|Any CPU.ActiveCfg = Debug|Any CPU
		{4C088CD2-5628-40B6-B864-2E4D61AB90D9}.Debug|Any CPU.Build.0 = Debug|Any CPU
		{4C088CD2-5628-40B6-B864-2E4D61AB90D9}.Release|Any CPU.ActiveCfg = Release|Any CPU
		{4C088CD2-5628-40B6-B864-2E4D61AB90D9}.Release|Any CPU.Build.0 = Release|Any CPU
		{4B00D217-A66D-4B23-9F70-B57E6461BC88}.Debug|Any CPU.ActiveCfg = Debug|Any CPU
		{4B00D217-A66D-4B23-9F70-B57E6461BC88}.Debug|Any CPU.Build.0 = Debug|Any CPU
		{4B00D217-A66D-4B23-9F70-B57E6461BC88}.Release|Any CPU.ActiveCfg = Release|Any CPU
		{4B00D217-A66D-4B23-9F70-B57E6461BC88}.Release|Any CPU.Build.0 = Release|Any CPU
		{2FAA5A87-8818-45BC-8C26-D282675497E4}.Debug|Any CPU.ActiveCfg = Debug|Any CPU
		{2FAA5A87-8818-45BC-8C26-D282675497E4}.Debug|Any CPU.Build.0 = Debug|Any CPU
		{2FAA5A87-8818-45BC-8C26-D282675497E4}.Release|Any CPU.ActiveCfg = Release|Any CPU
		{2FAA5A87-8818-45BC-8C26-D282675497E4}.Release|Any CPU.Build.0 = Release|Any CPU
		{F8FC944D-985A-4D21-990A-31D736811E4F}.Debug|Any CPU.ActiveCfg = Debug|Any CPU
		{F8FC944D-985A-4D21-990A-31D736811E4F}.Debug|Any CPU.Build.0 = Debug|Any CPU
		{F8FC944D-985A-4D21-990A-31D736811E4F}.Release|Any CPU.ActiveCfg = Release|Any CPU
		{F8FC944D-985A-4D21-990A-31D736811E4F}.Release|Any CPU.Build.0 = Release|Any CPU
		{751E775F-5393-42A6-B8C6-F92B6AFDD64A}.Debug|Any CPU.ActiveCfg = Debug|Any CPU
		{751E775F-5393-42A6-B8C6-F92B6AFDD64A}.Debug|Any CPU.Build.0 = Debug|Any CPU
		{751E775F-5393-42A6-B8C6-F92B6AFDD64A}.Release|Any CPU.ActiveCfg = Release|Any CPU
		{751E775F-5393-42A6-B8C6-F92B6AFDD64A}.Release|Any CPU.Build.0 = Release|Any CPU
		{27A23ED2-0F0E-4CE4-A382-6A0D86A77A54}.Debug|Any CPU.ActiveCfg = Debug|Any CPU
		{27A23ED2-0F0E-4CE4-A382-6A0D86A77A54}.Debug|Any CPU.Build.0 = Debug|Any CPU
		{27A23ED2-0F0E-4CE4-A382-6A0D86A77A54}.Release|Any CPU.ActiveCfg = Release|Any CPU
		{27A23ED2-0F0E-4CE4-A382-6A0D86A77A54}.Release|Any CPU.Build.0 = Release|Any CPU
		{02A044A0-630F-4FAC-ABB3-FD8526070727}.Debug|Any CPU.ActiveCfg = Debug|Any CPU
		{02A044A0-630F-4FAC-ABB3-FD8526070727}.Debug|Any CPU.Build.0 = Debug|Any CPU
		{02A044A0-630F-4FAC-ABB3-FD8526070727}.Release|Any CPU.ActiveCfg = Release|Any CPU
		{02A044A0-630F-4FAC-ABB3-FD8526070727}.Release|Any CPU.Build.0 = Release|Any CPU
		{990B16EE-1120-41E5-8D5C-D7C23A7D3403}.Debug|Any CPU.ActiveCfg = Debug|Any CPU
		{990B16EE-1120-41E5-8D5C-D7C23A7D3403}.Debug|Any CPU.Build.0 = Debug|Any CPU
		{990B16EE-1120-41E5-8D5C-D7C23A7D3403}.Release|Any CPU.ActiveCfg = Release|Any CPU
		{990B16EE-1120-41E5-8D5C-D7C23A7D3403}.Release|Any CPU.Build.0 = Release|Any CPU
		{3B174101-06DB-4E83-ACD8-A079E1FD99F0}.Debug|Any CPU.ActiveCfg = Debug|Any CPU
		{3B174101-06DB-4E83-ACD8-A079E1FD99F0}.Debug|Any CPU.Build.0 = Debug|Any CPU
		{3B174101-06DB-4E83-ACD8-A079E1FD99F0}.Release|Any CPU.ActiveCfg = Release|Any CPU
		{3B174101-06DB-4E83-ACD8-A079E1FD99F0}.Release|Any CPU.Build.0 = Release|Any CPU
		{50486732-37AE-4D68-82BA-2616723957D8}.Debug|Any CPU.ActiveCfg = Debug|Any CPU
		{50486732-37AE-4D68-82BA-2616723957D8}.Debug|Any CPU.Build.0 = Debug|Any CPU
		{50486732-37AE-4D68-82BA-2616723957D8}.Release|Any CPU.ActiveCfg = Release|Any CPU
		{50486732-37AE-4D68-82BA-2616723957D8}.Release|Any CPU.Build.0 = Release|Any CPU
		{B361523B-FA14-42FB-B79D-B050F4FA336D}.Debug|Any CPU.ActiveCfg = Debug|Any CPU
		{B361523B-FA14-42FB-B79D-B050F4FA336D}.Debug|Any CPU.Build.0 = Debug|Any CPU
		{B361523B-FA14-42FB-B79D-B050F4FA336D}.Release|Any CPU.ActiveCfg = Release|Any CPU
		{B361523B-FA14-42FB-B79D-B050F4FA336D}.Release|Any CPU.Build.0 = Release|Any CPU
		{4A177FFE-5031-403B-B9F2-ED1BFE12EFDB}.Debug|Any CPU.ActiveCfg = Debug|Any CPU
		{4A177FFE-5031-403B-B9F2-ED1BFE12EFDB}.Debug|Any CPU.Build.0 = Debug|Any CPU
		{4A177FFE-5031-403B-B9F2-ED1BFE12EFDB}.Release|Any CPU.ActiveCfg = Release|Any CPU
		{4A177FFE-5031-403B-B9F2-ED1BFE12EFDB}.Release|Any CPU.Build.0 = Release|Any CPU
	EndGlobalSection
	GlobalSection(SolutionProperties) = preSolution
		HideSolutionNode = FALSE
	EndGlobalSection
	GlobalSection(ExtensibilityGlobals) = postSolution
		SolutionGuid = {3C93083E-41CB-4129-A0CB-07A4FF55CA2B}
	EndGlobalSection
EndGlobal
